{
  "name": "@automock/core",
  "version": "2.0.0",
  "lockfileVersion": 1,
  "requires": true,
  "dependencies": {
    "@automock/common": {
      "version": "3.0.0",
      "resolved": "https://registry.npmjs.org/@automock/common/-/common-3.0.0.tgz",
      "integrity": "sha512-r57/27nwLcVziZa8svTcYMHJjpx+nVX//rWUrpx7ePKWR2vcFheWrpEoydKA1+pulLuWl3dahUDbuAcaZ9cD+A==",
      "requires": {
        "@automock/types": "^2.0.0"
      }
    },
    "@automock/types": {
      "version": "2.0.0",
      "resolved": "https://registry.npmjs.org/@automock/types/-/types-2.0.0.tgz",
      "integrity": "sha512-ID3xW7QHVMJ2m9O6PC5C61kWuY3WiVFq/6JbMRofDKnV666EIryOeBXXs94RS4tojI3w5Gmk6FckUn74FNa5ng=="
    },
    "@types/lodash": {
      "version": "4.14.202",
      "resolved": "https://registry.npmjs.org/@types/lodash/-/lodash-4.14.202.tgz",
      "integrity": "sha512-OvlIYQK9tNneDlS0VN54LLd5uiPCBOp7gS5Z0f1mjoJYBrtStzgmJBxONW3U6OZqdtNzZPmn9BS/7WI7BFFcFQ==",
      "dev": true
    },
    "@types/lodash.isequal": {
      "version": "4.5.8",
      "resolved": "https://registry.npmjs.org/@types/lodash.isequal/-/lodash.isequal-4.5.8.tgz",
      "integrity": "sha512-uput6pg4E/tj2LGxCZo9+y27JNyB2OZuuI/T5F+ylVDYuqICLG2/ktjxx0v6GvVntAf8TvEzeQLcV0ffRirXuA==",
      "dev": true,
      "requires": {
        "@types/lodash": "*"
      }
    },
    "lodash.isequal": {
      "version": "4.5.0",
      "resolved": "https://registry.npmjs.org/lodash.isequal/-/lodash.isequal-4.5.0.tgz",
      "integrity": "sha512-pDo3lu8Jhfjqls6GkMgpahsF9kCyayhgykjyLMNFTKWrpVdAQtYyB4muAMWozBB4ig/dtWAmsMxLEI8wuz+DYQ=="
    }
  }
}
